// !$*UTF8*$!
{
	archiveVersion = 1;
	classes = {
	};
	objectVersion = 46;
	objects = {

/* Begin PBXBuildFile section */
		604483BE1B1FE9D500DAA99E /* AppDelegate.swift in Sources */ = {isa = PBXBuildFile; fileRef = 604483BD1B1FE9D500DAA99E /* AppDelegate.swift */; };
		604483C01B1FE9D500DAA99E /* CardsViewController.swift in Sources */ = {isa = PBXBuildFile; fileRef = 604483BF1B1FE9D500DAA99E /* CardsViewController.swift */; };
		604483C31B1FE9D500DAA99E /* Main.storyboard in Resources */ = {isa = PBXBuildFile; fileRef = 604483C11B1FE9D500DAA99E /* Main.storyboard */; };
		604483C51B1FE9D500DAA99E /* Images.xcassets in Resources */ = {isa = PBXBuildFile; fileRef = 604483C41B1FE9D500DAA99E /* Images.xcassets */; };
		604483C81B1FE9D500DAA99E /* LaunchScreen.xib in Resources */ = {isa = PBXBuildFile; fileRef = 604483C61B1FE9D500DAA99E /* LaunchScreen.xib */; };
		604483D41B1FE9D500DAA99E /* TinderTests.swift in Sources */ = {isa = PBXBuildFile; fileRef = 604483D31B1FE9D500DAA99E /* TinderTests.swift */; };
		604483DF1B1FF24200DAA99E /* DraggableImageView.swift in Sources */ = {isa = PBXBuildFile; fileRef = 604483DE1B1FF24200DAA99E /* DraggableImageView.swift */; };
		604483E11B1FF42F00DAA99E /* ProfileViewController.swift in Sources */ = {isa = PBXBuildFile; fileRef = 604483E01B1FF42F00DAA99E /* ProfileViewController.swift */; };
/* End PBXBuildFile section */

/* Begin PBXContainerItemProxy section */
		604483CE1B1FE9D500DAA99E /* PBXContainerItemProxy */ = {
			isa = PBXContainerItemProxy;
			containerPortal = 604483B01B1FE9D500DAA99E /* Project object */;
			proxyType = 1;
			remoteGlobalIDString = 604483B71B1FE9D500DAA99E;
			remoteInfo = Tinder;
		};
/* End PBXContainerItemProxy section */

/* Begin PBXFileReference section */
		604483B81B1FE9D500DAA99E /* Tinder.app */ = {isa = PBXFileReference; explicitFileType = wrapper.application; includeInIndex = 0; path = Tinder.app; sourceTree = BUILT_PRODUCTS_DIR; };
		604483BC1B1FE9D500DAA99E /* Info.plist */ = {isa = PBXFileReference; lastKnownFileType = text.plist.xml; path = Info.plist; sourceTree = "<group>"; };
		604483BD1B1FE9D500DAA99E /* AppDelegate.swift */ = {isa = PBXFileReference; lastKnownFileType = sourcecode.swift; path = AppDelegate.swift; sourceTree = "<group>"; };
		604483BF1B1FE9D500DAA99E /* CardsViewController.swift */ = {isa = PBXFileReference; lastKnownFileType = sourcecode.swift; path = CardsViewController.swift; sourceTree = "<group>"; };
		604483C21B1FE9D500DAA99E /* Base */ = {isa = PBXFileReference; lastKnownFileType = file.storyboard; name = Base; path = Base.lproj/Main.storyboard; sourceTree = "<group>"; };
		604483C41B1FE9D500DAA99E /* Images.xcassets */ = {isa = PBXFileReference; lastKnownFileType = folder.assetcatalog; path = Images.xcassets; sourceTree = "<group>"; };
		604483C71B1FE9D500DAA99E /* Base */ = {isa = PBXFileReference; lastKnownFileType = file.xib; name = Base; path = Base.lproj/LaunchScreen.xib; sourceTree = "<group>"; };
		604483CD1B1FE9D500DAA99E /* TinderTests.xctest */ = {isa = PBXFileReference; explicitFileType = wrapper.cfbundle; includeInIndex = 0; path = TinderTests.xctest; sourceTree = BUILT_PRODUCTS_DIR; };
		604483D21B1FE9D500DAA99E /* Info.plist */ = {isa = PBXFileReference; lastKnownFileType = text.plist.xml; path = Info.plist; sourceTree = "<group>"; };
		604483D31B1FE9D500DAA99E /* TinderTests.swift */ = {isa = PBXFileReference; lastKnownFileType = sourcecode.swift; path = TinderTests.swift; sourceTree = "<group>"; };
		604483DE1B1FF24200DAA99E /* DraggableImageView.swift */ = {isa = PBXFileReference; fileEncoding = 4; lastKnownFileType = sourcecode.swift; path = DraggableImageView.swift; sourceTree = "<group>"; };
		604483E01B1FF42F00DAA99E /* ProfileViewController.swift */ = {isa = PBXFileReference; fileEncoding = 4; lastKnownFileType = sourcecode.swift; path = ProfileViewController.swift; sourceTree = "<group>"; };
/* End PBXFileReference section */

/* Begin PBXFrameworksBuildPhase section */
		604483B51B1FE9D500DAA99E /* Frameworks */ = {
			isa = PBXFrameworksBuildPhase;
			buildActionMask = 2147483647;
			files = (
			);
			runOnlyForDeploymentPostprocessing = 0;
		};
		604483CA1B1FE9D500DAA99E /* Frameworks */ = {
			isa = PBXFrameworksBuildPhase;
			buildActionMask = 2147483647;
			files = (
			);
			runOnlyForDeploymentPostprocessing = 0;
		};
/* End PBXFrameworksBuildPhase section */

/* Begin PBXGroup section */
		604483AF1B1FE9D500DAA99E = {
			isa = PBXGroup;
			children = (
				604483BA1B1FE9D500DAA99E /* Tinder */,
				604483D01B1FE9D500DAA99E /* TinderTests */,
				604483B91B1FE9D500DAA99E /* Products */,
			);
			sourceTree = "<group>";
		};
		604483B91B1FE9D500DAA99E /* Products */ = {
			isa = PBXGroup;
			children = (
				604483B81B1FE9D500DAA99E /* Tinder.app */,
				604483CD1B1FE9D500DAA99E /* TinderTests.xctest */,
			);
			name = Products;
			sourceTree = "<group>";
		};
		604483BA1B1FE9D500DAA99E /* Tinder */ = {
			isa = PBXGroup;
			children = (
				604483DD1B1FF21B00DAA99E /* Views */,
				604483BD1B1FE9D500DAA99E /* AppDelegate.swift */,
				604483BF1B1FE9D500DAA99E /* CardsViewController.swift */,
				604483C11B1FE9D500DAA99E /* Main.storyboard */,
				604483C41B1FE9D500DAA99E /* Images.xcassets */,
				604483C61B1FE9D500DAA99E /* LaunchScreen.xib */,
				604483BB1B1FE9D500DAA99E /* Supporting Files */,
				604483E01B1FF42F00DAA99E /* ProfileViewController.swift */,
			);
			path = Tinder;
			sourceTree = "<group>";
		};
		604483BB1B1FE9D500DAA99E /* Supporting Files */ = {
			isa = PBXGroup;
			children = (
				604483BC1B1FE9D500DAA99E /* Info.plist */,
			);
			name = "Supporting Files";
			sourceTree = "<group>";
		};
		604483D01B1FE9D500DAA99E /* TinderTests */ = {
			isa = PBXGroup;
			children = (
				604483D31B1FE9D500DAA99E /* TinderTests.swift */,
				604483D11B1FE9D500DAA99E /* Supporting Files */,
			);
			path = TinderTests;
			sourceTree = "<group>";
		};
		604483D11B1FE9D500DAA99E /* Supporting Files */ = {
			isa = PBXGroup;
			children = (
				604483D21B1FE9D500DAA99E /* Info.plist */,
			);
			name = "Supporting Files";
			sourceTree = "<group>";
		};
		604483DD1B1FF21B00DAA99E /* Views */ = {
			isa = PBXGroup;
			children = (
				604483DE1B1FF24200DAA99E /* DraggableImageView.swift */,
			);
			name = Views;
			sourceTree = "<group>";
		};
/* End PBXGroup section */

/* Begin PBXNativeTarget section */
		604483B71B1FE9D500DAA99E /* Tinder */ = {
			isa = PBXNativeTarget;
			buildConfigurationList = 604483D71B1FE9D500DAA99E /* Build configuration list for PBXNativeTarget "Tinder" */;
			buildPhases = (
				604483B41B1FE9D500DAA99E /* Sources */,
				604483B51B1FE9D500DAA99E /* Frameworks */,
				604483B61B1FE9D500DAA99E /* Resources */,
			);
			buildRules = (
			);
			dependencies = (
			);
			name = Tinder;
			productName = Tinder;
			productReference = 604483B81B1FE9D500DAA99E /* Tinder.app */;
			productType = "com.apple.product-type.application";
		};
		604483CC1B1FE9D500DAA99E /* TinderTests */ = {
			isa = PBXNativeTarget;
			buildConfigurationList = 604483DA1B1FE9D500DAA99E /* Build configuration list for PBXNativeTarget "TinderTests" */;
			buildPhases = (
				604483C91B1FE9D500DAA99E /* Sources */,
				604483CA1B1FE9D500DAA99E /* Frameworks */,
				604483CB1B1FE9D500DAA99E /* Resources */,
			);
			buildRules = (
			);
			dependencies = (
				604483CF1B1FE9D500DAA99E /* PBXTargetDependency */,
			);
			name = TinderTests;
			productName = TinderTests;
			productReference = 604483CD1B1FE9D500DAA99E /* TinderTests.xctest */;
			productType = "com.apple.product-type.bundle.unit-test";
		};
/* End PBXNativeTarget section */

/* Begin PBXProject section */
		604483B01B1FE9D500DAA99E /* Project object */ = {
			isa = PBXProject;
			attributes = {
				LastUpgradeCheck = 0630;
				ORGANIZATIONNAME = "Baris Taze";
				TargetAttributes = {
					604483B71B1FE9D500DAA99E = {
						CreatedOnToolsVersion = 6.3.2;
					};
					604483CC1B1FE9D500DAA99E = {
						CreatedOnToolsVersion = 6.3.2;
						TestTargetID = 604483B71B1FE9D500DAA99E;
					};
				};
			};
			buildConfigurationList = 604483B31B1FE9D500DAA99E /* Build configuration list for PBXProject "Tinder" */;
			compatibilityVersion = "Xcode 3.2";
			developmentRegion = English;
			hasScannedForEncodings = 0;
			knownRegions = (
				en,
				Base,
			);
			mainGroup = 604483AF1B1FE9D500DAA99E;
			productRefGroup = 604483B91B1FE9D500DAA99E /* Products */;
			projectDirPath = "";
			projectRoot = "";
			targets = (
				604483B71B1FE9D500DAA99E /* Tinder */,
				604483CC1B1FE9D500DAA99E /* TinderTests */,
			);
		};
/* End PBXProject section */

/* Begin PBXResourcesBuildPhase section */
		604483B61B1FE9D500DAA99E /* Resources */ = {
			isa = PBXResourcesBuildPhase;
			buildActionMask = 2147483647;
			files = (
				604483C31B1FE9D500DAA99E /* Main.storyboard in Resources */,
				604483C81B1FE9D500DAA99E /* LaunchScreen.xib in Resources */,
				604483C51B1FE9D500DAA99E /* Images.xcassets in Resources */,
			);
			runOnlyForDeploymentPostprocessing = 0;
		};
		604483CB1B1FE9D500DAA99E /* Resources */ = {
			isa = PBXResourcesBuildPhase;
			buildActionMask = 2147483647;
			files = (
			);
			runOnlyForDeploymentPostprocessing = 0;
		};
/* End PBXResourcesBuildPhase section */

/* Begin PBXSourcesBuildPhase section */
		604483B41B1FE9D500DAA99E /* Sources */ = {
			isa = PBXSourcesBuildPhase;
			buildActionMask = 2147483647;
			files = (
				604483C01B1FE9D500DAA99E /* CardsViewController.swift in Sources */,
				604483DF1B1FF24200DAA99E /* DraggableImageView.swift in Sources */,
				604483E11B1FF42F00DAA99E /* ProfileViewController.swift in Sources */,
				604483BE1B1FE9D500DAA99E /* AppDelegate.swift in Sources */,
			);
			runOnlyForDeploymentPostprocessing = 0;
		};
		604483C91B1FE9D500DAA99E /* Sources */ = {
			isa = PBXSourcesBuildPhase;
			buildActionMask = 2147483647;
			files = (
				604483D41B1FE9D500DAA99E /* TinderTests.swift in Sources */,
			);
			runOnlyForDeploymentPostprocessing = 0;
		};
/* End PBXSourcesBuildPhase section */

/* Begin PBXTargetDependency section */
		604483CF1B1FE9D500DAA99E /* PBXTargetDependency */ = {
			isa = PBXTargetDependency;
			target = 604483B71B1FE9D500DAA99E /* Tinder */;
			targetProxy = 604483CE1B1FE9D500DAA99E /* PBXContainerItemProxy */;
		};
/* End PBXTargetDependency section */

/* Begin PBXVariantGroup section */
		604483C11B1FE9D500DAA99E /* Main.storyboard */ = {
			isa = PBXVariantGroup;
			children = (
				604483C21B1FE9D500DAA99E /* Base */,
			);
			name = Main.storyboard;
			sourceTree = "<group>";
		};
		604483C61B1FE9D500DAA99E /* LaunchScreen.xib */ = {
			isa = PBXVariantGroup;
			children = (
				604483C71B1FE9D500DAA99E /* Base */,
			);
			name = LaunchScreen.xib;
			sourceTree = "<group>";
		};
/* End PBXVariantGroup section */

/* Begin XCBuildConfiguration section */
		604483D51B1FE9D500DAA99E /* Debug */ = {
			isa = XCBuildConfiguration;
			buildSettings = {
				ALWAYS_SEARCH_USER_PATHS = NO;
				CLANG_CXX_LANGUAGE_STANDARD = "gnu++0x";
				CLANG_CXX_LIBRARY = "libc++";
				CLANG_ENABLE_MODULES = YES;
				CLANG_ENABLE_OBJC_ARC = YES;
				CLANG_WARN_BOOL_CONVERSION = YES;
				CLANG_WARN_CONSTANT_CONVERSION = YES;
				CLANG_WARN_DIRECT_OBJC_ISA_USAGE = YES_ERROR;
				CLANG_WARN_EMPTY_BODY = YES;
				CLANG_WARN_ENUM_CONVERSION = YES;
				CLANG_WARN_INT_CONVERSION = YES;
				CLANG_WARN_OBJC_ROOT_CLASS = YES_ERROR;
				CLANG_WARN_UNREACHABLE_CODE = YES;
				CLANG_WARN__DUPLICATE_METHOD_MATCH = YES;
				"CODE_SIGN_IDENTITY[sdk=iphoneos*]" = "iPhone Developer";
				COPY_PHASE_STRIP = NO;
				DEBUG_INFORMATION_FORMAT = "dwarf-with-dsym";
				ENABLE_STRICT_OBJC_MSGSEND = YES;
				GCC_C_LANGUAGE_STANDARD = gnu99;
				GCC_DYNAMIC_NO_PIC = NO;
				GCC_NO_COMMON_BLOCKS = YES;
				GCC_OPTIMIZATION_LEVEL = 0;
				GCC_PREPROCESSOR_DEFINITIONS = (
					"DEBUG=1",
					"$(inherited)",
				);
				GCC_SYMBOLS_PRIVATE_EXTERN = NO;
				GCC_WARN_64_TO_32_BIT_CONVERSION = YES;
				GCC_WARN_ABOUT_RETURN_TYPE = YES_ERROR;
				GCC_WARN_UNDECLARED_SELECTOR = YES;
				GCC_WARN_UNINITIALIZED_AUTOS = YES_AGGRESSIVE;
				GCC_WARN_UNUSED_FUNCTION = YES;
				GCC_WARN_UNUSED_VARIABLE = YES;
				IPHONEOS_DEPLOYMENT_TARGET = 8.3;
				MTL_ENABLE_DEBUG_INFO = YES;
				ONLY_ACTIVE_ARCH = YES;
				SDKROOT = iphoneos;
				SWIFT_OPTIMIZATION_LEVEL = "-Onone";
			};
			name = Debug;
		};
		604483D61B1FE9D500DAA99E /* Release */ = {
			isa = XCBuildConfiguration;
			buildSettings = {
				ALWAYS_SEARCH_USER_PATHS = NO;
				CLANG_CXX_LANGUAGE_STANDARD = "gnu++0x";
				CLANG_CXX_LIBRARY = "libc++";
				CLANG_ENABLE_MODULES = YES;
				CLANG_ENABLE_OBJC_ARC = YES;
				CLANG_WARN_BOOL_CONVERSION = YES;
				CLANG_WARN_CONSTANT_CONVERSION = YES;
				CLANG_WARN_DIRECT_OBJC_ISA_USAGE = YES_ERROR;
				CLANG_WARN_EMPTY_BODY = YES;
				CLANG_WARN_ENUM_CONVERSION = YES;
				CLANG_WARN_INT_CONVERSION = YES;
				CLANG_WARN_OBJC_ROOT_CLASS = YES_ERROR;
				CLANG_WARN_UNREACHABLE_CODE = YES;
				CLANG_WARN__DUPLICATE_METHOD_MATCH = YES;
				"CODE_SIGN_IDENTITY[sdk=iphoneos*]" = "iPhone Developer";
				COPY_PHASE_STRIP = NO;
				DEBUG_INFORMATION_FORMAT = "dwarf-with-dsym";
				ENABLE_NS_ASSERTIONS = NO;
				ENABLE_STRICT_OBJC_MSGSEND = YES;
				GCC_C_LANGUAGE_STANDARD = gnu99;
				GCC_NO_COMMON_BLOCKS = YES;
				GCC_WARN_64_TO_32_BIT_CONVERSION = YES;
				GCC_WARN_ABOUT_RETURN_TYPE = YES_ERROR;
				GCC_WARN_UNDECLARED_SELECTOR = YES;
				GCC_WARN_UNINITIALIZED_AUTOS = YES_AGGRESSIVE;
				GCC_WARN_UNUSED_FUNCTION = YES;
				GCC_WARN_UNUSED_VARIABLE = YES;
				IPHONEOS_DEPLOYMENT_TARGET = 8.3;
				MTL_ENABLE_DEBUG_INFO = NO;
				SDKROOT = iphoneos;
				VALIDATE_PRODUCT = YES;
			};
			name = Release;
		};
		604483D81B1FE9D500DAA99E /* Debug */ = {
			isa = XCBuildConfiguration;
			buildSettings = {
				ASSETCATALOG_COMPILER_APPICON_NAME = AppIcon;
				INFOPLIST_FILE = Tinder/Info.plist;
				LD_RUNPATH_SEARCH_PATHS = "$(inherited) @executable_path/Frameworks";
				PRODUCT_NAME = "$(TARGET_NAME)";
			};
			name = Debug;
		};
		604483D91B1FE9D500DAA99E /* Release */ = {
			isa = XCBuildConfiguration;
			buildSettings = {
				ASSETCATALOG_COMPILER_APPICON_NAME = AppIcon;
				INFOPLIST_FILE = Tinder/Info.plist;
				LD_RUNPATH_SEARCH_PATHS = "$(inherited) @executable_path/Frameworks";
				PRODUCT_NAME = "$(TARGET_NAME)";
			};
			name = Release;
		};
		604483DB1B1FE9D500DAA99E /* Debug */ = {
			isa = XCBuildConfiguration;
			buildSettings = {
				BUNDLE_LOADER = "$(TEST_HOST)";
				FRAMEWORK_SEARCH_PATHS = (
					"$(SDKROOT)/Developer/Library/Frameworks",
					"$(inherited)",
				);
				GCC_PREPROCESSOR_DEFINITIONS = (
					"DEBUG=1",
					"$(inherited)",
				);
				INFOPLIST_FILE = TinderTests/Info.plist;
				LD_RUNPATH_SEARCH_PATHS = "$(inherited) @executable_path/Frameworks @loader_path/Frameworks";
				PRODUCT_NAME = "$(TARGET_NAME)";
				TEST_HOST = "$(BUILT_PRODUCTS_DIR)/Tinder.app/Tinder";
			};
			name = Debug;
		};
		604483DC1B1FE9D500DAA99E /* Release */ = {
			isa = XCBuildConfiguration;
			buildSettings = {
				BUNDLE_LOADER = "$(TEST_HOST)";
				FRAMEWORK_SEARCH_PATHS = (
					"$(SDKROOT)/Developer/Library/Frameworks",
					"$(inherited)",
				);
				INFOPLIST_FILE = TinderTests/Info.plist;
				LD_RUNPATH_SEARCH_PATHS = "$(inherited) @executable_path/Frameworks @loader_path/Frameworks";
				PRODUCT_NAME = "$(TARGET_NAME)";
				TEST_HOST = "$(BUILT_PRODUCTS_DIR)/Tinder.app/Tinder";
			};
			name = Release;
		};
/* End XCBuildConfiguration section */

/* Begin XCConfigurationList section */
		604483B31B1FE9D500DAA99E /* Build configuration list for PBXProject "Tinder" */ = {
			isa = XCConfigurationList;
			buildConfigurations = (
				604483D51B1FE9D500DAA99E /* Debug */,
				604483D61B1FE9D500DAA99E /* Release */,
			);
			defaultConfigurationIsVisible = 0;
			defaultConfigurationName = Release;
		};
		604483D71B1FE9D500DAA99E /* Build configuration list for PBXNativeTarget "Tinder" */ = {
			isa = XCConfigurationList;
			buildConfigurations = (
				604483D81B1FE9D500DAA99E /* Debug */,
				604483D91B1FE9D500DAA99E /* Release */,
			);
			defaultConfigurationIsVisible = 0;
			defaultConfigurationName = Release;
		};
		604483DA1B1FE9D500DAA99E /* Build configuration list for PBXNativeTarget "TinderTests" */ = {
			isa = XCConfigurationList;
			buildConfigurations = (
				604483DB1B1FE9D500DAA99E /* Debug */,
				604483DC1B1FE9D500DAA99E /* Release */,
			);
			defaultConfigurationIsVisible = 0;
			defaultConfigurationName = Release;
		};
/* End XCConfigurationList section */
	};
	rootObject = 604483B01B1FE9D500DAA99E /* Project object */;
}
